github.com/gethugothemes/hugo-modules/accordion v0.0.0-20250306074534-f5c3a047e69c h1:KRONvvj+eXrBli3xpbPSczY1ROAMZgv16d52vyYL4K0=
github.com/gethugothemes/hugo-modules/accordion v0.0.0-20250306074534-f5c3a047e69c/go.mod h1:D4DpauKPDcUHI9CVKYmJeO6bkSJIhUN864TyXZ2o0VI=
github.com/gethugothemes/hugo-modules/adsense v0.0.0-20250302032254-95e856a2b3fc h1:H9EjJgBB7vfddDUSANcEnW4VfgTb0ORIInK73BhojeY=
github.com/gethugothemes/hugo-modules/adsense v0.0.0-20250302032254-95e856a2b3fc/go.mod h1:8p/gG/cyyu20z4q5cFN/JGE5TOFA55Xsp+aIP9KCsqo=
github.com/gethugothemes/hugo-modules/components/cookie-consent v0.0.0-20250302032254-95e856a2b3fc h1:gZ4AbDxWo+olS3OBa3OLMRdnO2J4B+LJKl5tojsuTig=
github.com/gethugothemes/hugo-modules/components/cookie-consent v0.0.0-20250302032254-95e856a2b3fc/go.mod h1:511ERLpGe3ZTfV2z/NAtUSR5NqKF26h9z5lU/zYV4YQ=
github.com/gethugothemes/hugo-modules/components/crisp-chat v0.0.0-20250302032254-95e856a2b3fc h1:P978TsRcLFnlxQO60hx+5euQoxbdM9nFU9B564GG/Ho=
github.com/gethugothemes/hugo-modules/components/crisp-chat v0.0.0-20250302032254-95e856a2b3fc/go.mod h1:qiV/PIeVY59RD2W885rFWc7b62uovQZO6VPFHeP5LT0=
github.com/gethugothemes/hugo-modules/components/custom-script v0.0.0-20250302032254-95e856a2b3fc h1:miKm83NCK3oZwZW7dNnNhQfugIADEV0XVxN1BZmCIKQ=
github.com/gethugothemes/hugo-modules/components/custom-script v0.0.0-20250302032254-95e856a2b3fc/go.mod h1:RuDHq4WnK8sNEzAIJr4BZQ7oXhzcct/EKaAxc2Xvi9E=
github.com/gethugothemes/hugo-modules/components/preloader v0.0.0-20250302032254-95e856a2b3fc h1:HRdtX+5qjmMFuNosqOts2lj24WJ3P1BWZGKr0I1EVys=
github.com/gethugothemes/hugo-modules/components/preloader v0.0.0-20250302032254-95e856a2b3fc/go.mod h1:FP0iQ3tMOesuWFZhLst2KEvUEYPb5Jk1GW+QBP9lrwg=
github.com/gethugothemes/hugo-modules/components/render-link v0.0.0-20250302032254-95e856a2b3fc h1:+xEDZX3d39OmdKvytnppwd1DmL8jiqvo63mVSk0G2AA=
github.com/gethugothemes/hugo-modules/components/render-link v0.0.0-20250302032254-95e856a2b3fc/go.mod h1:z3YcIeEBUonAoRDY1/Jv1ojNVkZ5ud35a0Nn8L4Inx0=
github.com/gethugothemes/hugo-modules/components/social-share v0.0.0-20250302032254-95e856a2b3fc h1:sbM62+ihF5kSlNjDVwCkJ4fvNbcjapwFUlHSqmR57tA=
github.com/gethugothemes/hugo-modules/components/social-share v0.0.0-20250302032254-95e856a2b3fc/go.mod h1:Gcj4RM/EBECsJMZnPeWjfy/1roRYGqzV9GYNmeHkvFA=
github.com/gethugothemes/hugo-modules/gallery-slider v0.0.0-20250302032254-95e856a2b3fc h1:p9e8SpExLyhcU2cRt1qRkVvjFwbv/7kbIw9VZ3aAo3c=
github.com/gethugothemes/hugo-modules/gallery-slider v0.0.0-20250302032254-95e856a2b3fc/go.mod h1:MvQ2js/ofZ22CTX5wuvE+dC0rMe6C5HAWL2fEOu/yzE=
github.com/gethugothemes/hugo-modules/gzip-caching v0.0.0-20250302032254-95e856a2b3fc h1:dYFcSXTPYlDhmYdo7ltjyjXQwaJ5e7rKcv/IDE5SM7E=
github.com/gethugothemes/hugo-modules/gzip-caching v0.0.0-20250302032254-95e856a2b3fc/go.mod h1:0ZMjTZVG4XLZU2/icc8Saqo4mmgMpfRTrUZU2Aa2Pwg=
github.com/gethugothemes/hugo-modules/icons/font-awesome v0.0.0-20250302032254-95e856a2b3fc h1:DG8bKtCsxR2uZgPWU2xuLQ7rEvuxjYvMMk8/nKN/aSs=
github.com/gethugothemes/hugo-modules/icons/font-awesome v0.0.0-20250302032254-95e856a2b3fc/go.mod h1:d3gy1vQyfasPmGpau7HpQLrXbOv23PfXclSnjyOBxeU=
github.com/gethugothemes/hugo-modules/icons/themify-icons v0.0.0-20250302032254-95e856a2b3fc h1:soyYdeV0V0r4lYDFa6737EDEGZAyk9eml1VQbp1ezJo=
github.com/gethugothemes/hugo-modules/icons/themify-icons v0.0.0-20250302032254-95e856a2b3fc/go.mod h1:hWopv9exSUsFbNUzWemaFvPdyPay0lrqTMHkJXi4n+Y=
github.com/gethugothemes/hugo-modules/images v0.0.0-20250302032254-95e856a2b3fc h1:0xauS9kUi+2XJopYqvOglAm7QCjDP8OtDLjd0Wh/gkM=
github.com/gethugothemes/hugo-modules/images v0.0.0-20250302032254-95e856a2b3fc/go.mod h1:FKliP3qOW9diIcQeLtyZ0Hdhg3PL8bdAkC/6O+XtU90=
github.com/gethugothemes/hugo-modules/pwa v0.0.0-20250302032254-95e856a2b3fc h1:Up1SggIGkJCzRdkPY1wx4S16Dl4gWlIzsj4/DJpKgWk=
github.com/gethugothemes/hugo-modules/pwa v0.0.0-20250302032254-95e856a2b3fc/go.mod h1:TRv7iszdfo37O1PbBEE+S8X/enAdpRIxK5DGrp13Qbo=
github.com/gethugothemes/hugo-modules/seo-tools/baidu-analytics v0.0.0-20250302032254-95e856a2b3fc h1:lV60FVvoEygwahvgwkrU64IrE8zMRkdaXBGkf2SReAY=
github.com/gethugothemes/hugo-modules/seo-tools/baidu-analytics v0.0.0-20250302032254-95e856a2b3fc/go.mod h1:D/bbq2hSHE+r582zpC3rEdvuk8GufDnq9sGL3xCk/C0=
github.com/gethugothemes/hugo-modules/seo-tools/basic-seo v0.0.0-20250302032254-95e856a2b3fc h1:GW7MeS+aGFxcJdunDSUvwA3CMKjDmF/KOrg7uQOp0h0=
github.com/gethugothemes/hugo-modules/seo-tools/basic-seo v0.0.0-20250302032254-95e856a2b3fc/go.mod h1:Q8dPgjamV7pxwKSQyWV21Xwh5CGi23/k+M8HPTphYbs=
github.com/gethugothemes/hugo-modules/seo-tools/counter-analytics v0.0.0-20250302032254-95e856a2b3fc h1:qDWkzt0cXM+bQYb6MOXw79Ng/0MK0lWmaOQkNT5Aq/Y=
github.com/gethugothemes/hugo-modules/seo-tools/counter-analytics v0.0.0-20250302032254-95e856a2b3fc/go.mod h1:3kPooRg0PWUkciccThPQbBvIpTfSCo7W9mc3a5GxXHs=
github.com/gethugothemes/hugo-modules/seo-tools/google-tag-manager v0.0.0-20250302032254-95e856a2b3fc h1:Aq4WVh0iwlFgCeKtievcmXhK0PQGQBYsxkfIzlxQ9Is=
github.com/gethugothemes/hugo-modules/seo-tools/google-tag-manager v0.0.0-20250302032254-95e856a2b3fc/go.mod h1:cCq50yd55eFTrpqOfeyOK5X0hU5E7qxsqOD7IzTsgLA=
github.com/gethugothemes/hugo-modules/seo-tools/matomo-analytics v0.0.0-20250302032254-95e856a2b3fc h1:ptAQWV42uOn6xQS6+tWH/Fz7I2naKk68DpQdUbR9ql0=
github.com/gethugothemes/hugo-modules/seo-tools/matomo-analytics v0.0.0-20250302032254-95e856a2b3fc/go.mod h1:P2GLltWjXFBJlatFKh4l6WOBszW7+f09myLkZoBBgEs=
github.com/gethugothemes/hugo-modules/seo-tools/plausible-analytics v0.0.0-20250302032254-95e856a2b3fc h1:3h1jjpHeGDQQyudctA09YOwkxonUZbt0qrQJZeq8nu0=
github.com/gethugothemes/hugo-modules/seo-tools/plausible-analytics v0.0.0-20250302032254-95e856a2b3fc/go.mod h1:MOJtK8ttzyqQiqs0xQkk6xgPaxGbcH7WI5thobpNvqg=
github.com/gethugothemes/hugo-modules/seo-tools/site-verifications v0.0.0-20250302032254-95e856a2b3fc h1:JRe34bT+0QE3xlq4BIdfzhJ4+Z3Yy7zorcDqw+AmSiA=
github.com/gethugothemes/hugo-modules/seo-tools/site-verifications v0.0.0-20250302032254-95e856a2b3fc/go.mod h1:iXielaya126qJscz7Bc2G2WB91moloQOoWru6UoBUyE=
github.com/gethugothemes/hugo-modules/shortcodes/button v0.0.0-20250302032254-95e856a2b3fc h1:Nvu0cVQafVqsuUjwFm0+B72P7aNY/N1NYIIb36vLFsA=
github.com/gethugothemes/hugo-modules/shortcodes/button v0.0.0-20250302032254-95e856a2b3fc/go.mod h1:MSvxGvjvcGUKTs6YMATU/9kYFrzW+VSVdy4CCOQLdsY=
github.com/gethugothemes/hugo-modules/shortcodes/codepen v0.0.0-20250302032254-95e856a2b3fc h1:s59g26htY7dBfAy+dFONJoZV83hKyjn5H3yA/Ho55i8=
github.com/gethugothemes/hugo-modules/shortcodes/codepen v0.0.0-20250302032254-95e856a2b3fc/go.mod h1:Y4eAJ7fkCSC6k6fl1+qF4DIoRepAYyB9Om4kBCAixcg=
github.com/gethugothemes/hugo-modules/shortcodes/notice v0.0.0-20250302032254-95e856a2b3fc h1:itgX6lOvYL8ZJ/1zgku0oFXIdc+7hbpIKRRddi+tx0Y=
github.com/gethugothemes/hugo-modules/shortcodes/notice v0.0.0-20250302032254-95e856a2b3fc/go.mod h1:ljWyMJx82WA+6SlKjbGFhEdxcriyvUTCjXkJHDa4lho=
github.com/gethugothemes/hugo-modules/tab v0.0.0-20250302032254-95e856a2b3fc h1:VipAxat3zrRf0O+Bbm6iwHzwK57ESZF5U3HUhQQwfp0=
github.com/gethugothemes/hugo-modules/tab v0.0.0-20250302032254-95e856a2b3fc/go.mod h1:h3UxlxrFoU19JldxWLPBKaTZFe3AJtABrqo1wfxr+Ng=
github.com/gethugothemes/hugo-modules/table-of-contents v0.0.0-20250302032254-95e856a2b3fc h1:/pYfUCg5m9D+7MxX8nkpGjKsmzeC0D2CE47xTFJfKzE=
github.com/gethugothemes/hugo-modules/table-of-contents v0.0.0-20250302032254-95e856a2b3fc/go.mod h1:bEDw4veccQQQYEdVrfu13ATRUWfW8ptDIjJZuhYh4Tw=
github.com/gethugothemes/hugo-modules/videos v0.0.0-20250302032254-95e856a2b3fc h1:utXSKyHGiDowGvMiq/xVIayaOjVsX9S3Mv5r1kuo72s=
github.com/gethugothemes/hugo-modules/videos v0.0.0-20250302032254-95e856a2b3fc/go.mod h1:P722lLWdnNhdZVq6gvMrOLqECUwrAYQWaOWlChta5H0=
github.com/gohugoio/hugo-mod-bootstrap-scss/v5 v5.20300.20400 h1:L6+F22i76xmeWWwrtijAhUbf3BiRLmpO5j34bgl1ggU=
github.com/gohugoio/hugo-mod-bootstrap-scss/v5 v5.20300.20400/go.mod h1:uekq1D4ebeXgduLj8VIZy8TgfTjrLdSl6nPtVczso78=
github.com/gohugoio/hugo-mod-jslibs-dist/popperjs/v2 v2.21100.20000/go.mod h1:mFberT6ZtcchrsDtfvJM7aAH2bDKLdOnruUHl0hlapI=
github.com/twbs/bootstrap v5.3.3+incompatible/go.mod h1:fZTSrkpSf0/HkL0IIJzvVspTt1r9zuf7XlZau8kpcY0=
